
Microsoft Visual Studio Solution File, Format Version 12.00
# Visual Studio Version 16
VisualStudioVersion = 16.0.31424.327
MinimumVisualStudioVersion = 10.0.40219.1
Project("{FAE04EC0-301F-11D3-BF4B-00C04F79EFBC}") = "ProiectBD", "ProiectBD.csproj", "{72A35896-AD76-401D-8C8B-2BA680862833}"
EndProject
Global
	GlobalSection(SolutionConfigurationPlatforms) = preSolution
		Debug|Any CPU = Debug|Any CPU
		Release|Any CPU = Release|Any CPU
	EndGlobalSection
	GlobalSection(ProjectConfigurationPlatforms) = postSolution
		{72A35896-AD76-401D-8C8B-2BA680862833}.Debug|Any CPU.ActiveCfg = Debug|Any CPU
		{72A35896-AD76-401D-8C8B-2BA680862833}.Debug|Any CPU.Build.0 = Debug|Any CPU
		{72A35896-AD76-401D-8C8B-2BA680862833}.Release|Any CPU.ActiveCfg = Release|Any CPU
		{72A35896-AD76-401D-8C8B-2BA680862833}.Release|Any CPU.Build.0 = Release|Any CPU
	EndGlobalSection
	GlobalSection(SolutionProperties) = preSolution
		HideSolutionNode = FALSE
	EndGlobalSection
	GlobalSection(ExtensibilityGlobals) = postSolution
		SolutionGuid = {9B272B86-A878-4D18-BD53-50D465086FED}
	EndGlobalSection
EndGlobal
